{
  "requires": true,
  "lockfileVersion": 1,
  "dependencies": {
    "vue-bootstrap-toasts": {
      "version": "1.0.7",
      "resolved": "https://registry.npmjs.org/vue-bootstrap-toasts/-/vue-bootstrap-toasts-1.0.7.tgz",
      "integrity": "sha512-JhurJOAwdNcINQ/QlT701sx0r447YTGpvtxtmZNC9pwDvEqp2I0Pyv15jS4neWwYHkA1gXB42nBsDRcWcj1hlg=="
    }
  }
}
